{
  "name": "html-client-website",
  "version": "1.0.0",
  "lockfileVersion": 1,
  "requires": true,
  "dependencies": {
    "@airin-ai/prebuilt-ui": {
      "version": "1.0.0-93e0d98e",
      "resolved": "https://gitlab.com/api/v4/projects/19155569/packages/npm/@airin-ai/prebuilt-ui/-/@airin-ai/prebuilt-ui-1.0.0-93e0d98e.tgz",
      "integrity": "sha1-RsH+rpo/ecoJxivENFhTAtiIJ78="
    }
  }
}
